
Microsoft Visual Studio Solution File, Format Version 12.00
# Visual Studio Version 17
VisualStudioVersion = 17.5.002.0
MinimumVisualStudioVersion = 10.0.40219.1
Project("{9A19103F-16F7-4668-BE54-9A1E7A4F7556}") = "ATV", "ATV.csproj", "{0966993E-AF92-4372-A808-1F188A6058B5}"
EndProject
Global
	GlobalSection(SolutionConfigurationPlatforms) = preSolution
		Debug|Any CPU = Debug|Any CPU
		Release|Any CPU = Release|Any CPU
	EndGlobalSection
	GlobalSection(ProjectConfigurationPlatforms) = postSolution
		{0966993E-AF92-4372-A808-1F188A6058B5}.Debug|Any CPU.ActiveCfg = Debug|Any CPU
		{0966993E-AF92-4372-A808-1F188A6058B5}.Debug|Any CPU.Build.0 = Debug|Any CPU
		{0966993E-AF92-4372-A808-1F188A6058B5}.Release|Any CPU.ActiveCfg = Release|Any CPU
		{0966993E-AF92-4372-A808-1F188A6058B5}.Release|Any CPU.Build.0 = Release|Any CPU
	EndGlobalSection
	GlobalSection(SolutionProperties) = preSolution
		HideSolutionNode = FALSE
	EndGlobalSection
	GlobalSection(ExtensibilityGlobals) = postSolution
		SolutionGuid = {9E2BB326-69EA-40DB-AD0F-79719F046D25}
	EndGlobalSection
EndGlobal
